// !$*UTF8*$!
{
	archiveVersion = 1;
	classes = {
	};
	objectVersion = 50;
	objects = {

/* Begin PBXBuildFile section */
		F90554A626038DB500039978 /* Leica.framework in Frameworks */ = {isa = PBXBuildFile; fileRef = F905549C26038DB500039978 /* Leica.framework */; };
		F90554AB26038DB500039978 /* LeicaTests.swift in Sources */ = {isa = PBXBuildFile; fileRef = F90554AA26038DB500039978 /* LeicaTests.swift */; };
		F90554AD26038DB500039978 /* Leica.h in Headers */ = {isa = PBXBuildFile; fileRef = F905549F26038DB500039978 /* Leica.h */; settings = {ATTRIBUTES = (Public, ); }; };
		F90554C42603903E00039978 /* AppDelegate.swift in Sources */ = {isa = PBXBuildFile; fileRef = F90554C32603903E00039978 /* AppDelegate.swift */; };
		F90554C82603903E00039978 /* ViewController.swift in Sources */ = {isa = PBXBuildFile; fileRef = F90554C72603903E00039978 /* ViewController.swift */; };
		F90554CD2603904000039978 /* Assets.xcassets in Resources */ = {isa = PBXBuildFile; fileRef = F90554CC2603904000039978 /* Assets.xcassets */; };
		F90554D02603904000039978 /* LaunchScreen.storyboard in Resources */ = {isa = PBXBuildFile; fileRef = F90554CE2603904000039978 /* LaunchScreen.storyboard */; };
		F90554DB2603904000039978 /* ExampleTests.swift in Sources */ = {isa = PBXBuildFile; fileRef = F90554DA2603904000039978 /* ExampleTests.swift */; };
		F90554E62603904000039978 /* ExampleUITests.swift in Sources */ = {isa = PBXBuildFile; fileRef = F90554E52603904000039978 /* ExampleUITests.swift */; };
		F905554A2603966100039978 /* LeicaLabel.swift in Sources */ = {isa = PBXBuildFile; fileRef = F90555492603966100039978 /* LeicaLabel.swift */; };
		F9055551260399B400039978 /* Leica.framework in Frameworks */ = {isa = PBXBuildFile; fileRef = F905549C26038DB500039978 /* Leica.framework */; };
		F9055552260399B400039978 /* Leica.framework in Embed Frameworks */ = {isa = PBXBuildFile; fileRef = F905549C26038DB500039978 /* Leica.framework */; settings = {ATTRIBUTES = (CodeSignOnCopy, RemoveHeadersOnCopy, ); }; };
		F90555632603C3A900039978 /* Extensions.swift in Sources */ = {isa = PBXBuildFile; fileRef = F90555622603C3A900039978 /* Extensions.swift */; };
/* End PBXBuildFile section */

/* Begin PBXContainerItemProxy section */
		F90554A726038DB500039978 /* PBXContainerItemProxy */ = {
			isa = PBXContainerItemProxy;
			containerPortal = F905549326038DB400039978 /* Project object */;
			proxyType = 1;
			remoteGlobalIDString = F905549B26038DB500039978;
			remoteInfo = Leica;
		};
		F90554D72603904000039978 /* PBXContainerItemProxy */ = {
			isa = PBXContainerItemProxy;
			containerPortal = F905549326038DB400039978 /* Project object */;
			proxyType = 1;
			remoteGlobalIDString = F90554C02603903E00039978;
			remoteInfo = Example;
		};
		F90554E22603904000039978 /* PBXContainerItemProxy */ = {
			isa = PBXContainerItemProxy;
			containerPortal = F905549326038DB400039978 /* Project object */;
			proxyType = 1;
			remoteGlobalIDString = F90554C02603903E00039978;
			remoteInfo = Example;
		};
		F9055553260399B400039978 /* PBXContainerItemProxy */ = {
			isa = PBXContainerItemProxy;
			containerPortal = F905549326038DB400039978 /* Project object */;
			proxyType = 1;
			remoteGlobalIDString = F905549B26038DB500039978;
			remoteInfo = Leica;
		};
/* End PBXContainerItemProxy section */

/* Begin PBXCopyFilesBuildPhase section */
		F9055555260399B400039978 /* Embed Frameworks */ = {
			isa = PBXCopyFilesBuildPhase;
			buildActionMask = 2147483647;
			dstPath = "";
			dstSubfolderSpec = 10;
			files = (
				F9055552260399B400039978 /* Leica.framework in Embed Frameworks */,
			);
			name = "Embed Frameworks";
			runOnlyForDeploymentPostprocessing = 0;
		};
/* End PBXCopyFilesBuildPhase section */

/* Begin PBXFileReference section */
		F905549C26038DB500039978 /* Leica.framework */ = {isa = PBXFileReference; explicitFileType = wrapper.framework; includeInIndex = 0; path = Leica.framework; sourceTree = BUILT_PRODUCTS_DIR; };
		F905549F26038DB500039978 /* Leica.h */ = {isa = PBXFileReference; lastKnownFileType = sourcecode.c.h; path = Leica.h; sourceTree = "<group>"; };
		F90554A026038DB500039978 /* Info.plist */ = {isa = PBXFileReference; lastKnownFileType = text.plist.xml; path = Info.plist; sourceTree = "<group>"; };
		F90554A526038DB500039978 /* LeicaTests.xctest */ = {isa = PBXFileReference; explicitFileType = wrapper.cfbundle; includeInIndex = 0; path = LeicaTests.xctest; sourceTree = BUILT_PRODUCTS_DIR; };
		F90554AA26038DB500039978 /* LeicaTests.swift */ = {isa = PBXFileReference; lastKnownFileType = sourcecode.swift; path = LeicaTests.swift; sourceTree = "<group>"; };
		F90554AC26038DB500039978 /* Info.plist */ = {isa = PBXFileReference; lastKnownFileType = text.plist.xml; path = Info.plist; sourceTree = "<group>"; };
		F90554C12603903E00039978 /* Example.app */ = {isa = PBXFileReference; explicitFileType = wrapper.application; includeInIndex = 0; path = Example.app; sourceTree = BUILT_PRODUCTS_DIR; };
		F90554C32603903E00039978 /* AppDelegate.swift */ = {isa = PBXFileReference; lastKnownFileType = sourcecode.swift; path = AppDelegate.swift; sourceTree = "<group>"; };
		F90554C72603903E00039978 /* ViewController.swift */ = {isa = PBXFileReference; lastKnownFileType = sourcecode.swift; path = ViewController.swift; sourceTree = "<group>"; };
		F90554CC2603904000039978 /* Assets.xcassets */ = {isa = PBXFileReference; lastKnownFileType = folder.assetcatalog; path = Assets.xcassets; sourceTree = "<group>"; };
		F90554CF2603904000039978 /* Base */ = {isa = PBXFileReference; lastKnownFileType = file.storyboard; name = Base; path = Base.lproj/LaunchScreen.storyboard; sourceTree = "<group>"; };
		F90554D12603904000039978 /* Info.plist */ = {isa = PBXFileReference; lastKnownFileType = text.plist.xml; path = Info.plist; sourceTree = "<group>"; };
		F90554D62603904000039978 /* ExampleTests.xctest */ = {isa = PBXFileReference; explicitFileType = wrapper.cfbundle; includeInIndex = 0; path = ExampleTests.xctest; sourceTree = BUILT_PRODUCTS_DIR; };
		F90554DA2603904000039978 /* ExampleTests.swift */ = {isa = PBXFileReference; lastKnownFileType = sourcecode.swift; path = ExampleTests.swift; sourceTree = "<group>"; };
		F90554DC2603904000039978 /* Info.plist */ = {isa = PBXFileReference; lastKnownFileType = text.plist.xml; path = Info.plist; sourceTree = "<group>"; };
		F90554E12603904000039978 /* ExampleUITests.xctest */ = {isa = PBXFileReference; explicitFileType = wrapper.cfbundle; includeInIndex = 0; path = ExampleUITests.xctest; sourceTree = BUILT_PRODUCTS_DIR; };
		F90554E52603904000039978 /* ExampleUITests.swift */ = {isa = PBXFileReference; lastKnownFileType = sourcecode.swift; path = ExampleUITests.swift; sourceTree = "<group>"; };
		F90554E72603904000039978 /* Info.plist */ = {isa = PBXFileReference; lastKnownFileType = text.plist.xml; path = Info.plist; sourceTree = "<group>"; };
		F90555492603966100039978 /* LeicaLabel.swift */ = {isa = PBXFileReference; lastKnownFileType = sourcecode.swift; path = LeicaLabel.swift; sourceTree = "<group>"; };
		F90555622603C3A900039978 /* Extensions.swift */ = {isa = PBXFileReference; lastKnownFileType = sourcecode.swift; path = Extensions.swift; sourceTree = "<group>"; };
/* End PBXFileReference section */

/* Begin PBXFrameworksBuildPhase section */
		F905549926038DB500039978 /* Frameworks */ = {
			isa = PBXFrameworksBuildPhase;
			buildActionMask = 2147483647;
			files = (
			);
			runOnlyForDeploymentPostprocessing = 0;
		};
		F90554A226038DB500039978 /* Frameworks */ = {
			isa = PBXFrameworksBuildPhase;
			buildActionMask = 2147483647;
			files = (
				F90554A626038DB500039978 /* Leica.framework in Frameworks */,
			);
			runOnlyForDeploymentPostprocessing = 0;
		};
		F90554BE2603903E00039978 /* Frameworks */ = {
			isa = PBXFrameworksBuildPhase;
			buildActionMask = 2147483647;
			files = (
				F9055551260399B400039978 /* Leica.framework in Frameworks */,
			);
			runOnlyForDeploymentPostprocessing = 0;
		};
		F90554D32603904000039978 /* Frameworks */ = {
			isa = PBXFrameworksBuildPhase;
			buildActionMask = 2147483647;
			files = (
			);
			runOnlyForDeploymentPostprocessing = 0;
		};
		F90554DE2603904000039978 /* Frameworks */ = {
			isa = PBXFrameworksBuildPhase;
			buildActionMask = 2147483647;
			files = (
			);
			runOnlyForDeploymentPostprocessing = 0;
		};
/* End PBXFrameworksBuildPhase section */

/* Begin PBXGroup section */
		F905549226038DB400039978 = {
			isa = PBXGroup;
			children = (
				F905549E26038DB500039978 /* Leica */,
				F90554A926038DB500039978 /* LeicaTests */,
				F90554C22603903E00039978 /* Example */,
				F90554D92603904000039978 /* ExampleTests */,
				F90554E42603904000039978 /* ExampleUITests */,
				F905549D26038DB500039978 /* Products */,
				F9055550260399B400039978 /* Frameworks */,
			);
			sourceTree = "<group>";
		};
		F905549D26038DB500039978 /* Products */ = {
			isa = PBXGroup;
			children = (
				F905549C26038DB500039978 /* Leica.framework */,
				F90554A526038DB500039978 /* LeicaTests.xctest */,
				F90554C12603903E00039978 /* Example.app */,
				F90554D62603904000039978 /* ExampleTests.xctest */,
				F90554E12603904000039978 /* ExampleUITests.xctest */,
			);
			name = Products;
			sourceTree = "<group>";
		};
		F905549E26038DB500039978 /* Leica */ = {
			isa = PBXGroup;
			children = (
				F90554B826038E2D00039978 /* Sources */,
				F90554B926038E7B00039978 /* Supportings */,
			);
			path = Leica;
			sourceTree = "<group>";
		};
		F90554A926038DB500039978 /* LeicaTests */ = {
			isa = PBXGroup;
			children = (
				F90554AA26038DB500039978 /* LeicaTests.swift */,
				F90554AC26038DB500039978 /* Info.plist */,
			);
			path = LeicaTests;
			sourceTree = "<group>";
		};
		F90554B826038E2D00039978 /* Sources */ = {
			isa = PBXGroup;
			children = (
				F905549F26038DB500039978 /* Leica.h */,
				F90555492603966100039978 /* LeicaLabel.swift */,
				F90555622603C3A900039978 /* Extensions.swift */,
			);
			path = Sources;
			sourceTree = "<group>";
		};
		F90554B926038E7B00039978 /* Supportings */ = {
			isa = PBXGroup;
			children = (
				F90554A026038DB500039978 /* Info.plist */,
			);
			path = Supportings;
			sourceTree = "<group>";
		};
		F90554C22603903E00039978 /* Example */ = {
			isa = PBXGroup;
			children = (
				F90555052603908700039978 /* Sources */,
				F905550B260390BB00039978 /* Resources */,
				F905550E260390D000039978 /* Supportings */,
			);
			path = Example;
			sourceTree = "<group>";
		};
		F90554D92603904000039978 /* ExampleTests */ = {
			isa = PBXGroup;
			children = (
				F90554DA2603904000039978 /* ExampleTests.swift */,
				F90554DC2603904000039978 /* Info.plist */,
			);
			path = ExampleTests;
			sourceTree = "<group>";
		};
		F90554E42603904000039978 /* ExampleUITests */ = {
			isa = PBXGroup;
			children = (
				F90554E52603904000039978 /* ExampleUITests.swift */,
				F90554E72603904000039978 /* Info.plist */,
			);
			path = ExampleUITests;
			sourceTree = "<group>";
		};
		F90555052603908700039978 /* Sources */ = {
			isa = PBXGroup;
			children = (
				F90554C32603903E00039978 /* AppDelegate.swift */,
				F90554C72603903E00039978 /* ViewController.swift */,
			);
			path = Sources;
			sourceTree = "<group>";
		};
		F905550B260390BB00039978 /* Resources */ = {
			isa = PBXGroup;
			children = (
				F90554CC2603904000039978 /* Assets.xcassets */,
				F90554CE2603904000039978 /* LaunchScreen.storyboard */,
			);
			path = Resources;
			sourceTree = "<group>";
		};
		F905550E260390D000039978 /* Supportings */ = {
			isa = PBXGroup;
			children = (
				F90554D12603904000039978 /* Info.plist */,
			);
			path = Supportings;
			sourceTree = "<group>";
		};
		F9055550260399B400039978 /* Frameworks */ = {
			isa = PBXGroup;
			children = (
			);
			name = Frameworks;
			sourceTree = "<group>";
		};
/* End PBXGroup section */

/* Begin PBXHeadersBuildPhase section */
		F905549726038DB500039978 /* Headers */ = {
			isa = PBXHeadersBuildPhase;
			buildActionMask = 2147483647;
			files = (
				F90554AD26038DB500039978 /* Leica.h in Headers */,
			);
			runOnlyForDeploymentPostprocessing = 0;
		};
/* End PBXHeadersBuildPhase section */

/* Begin PBXNativeTarget section */
		F905549B26038DB500039978 /* Leica */ = {
			isa = PBXNativeTarget;
			buildConfigurationList = F90554B026038DB500039978 /* Build configuration list for PBXNativeTarget "Leica" */;
			buildPhases = (
				F905549726038DB500039978 /* Headers */,
				F905549826038DB500039978 /* Sources */,
				F905549926038DB500039978 /* Frameworks */,
				F905549A26038DB500039978 /* Resources */,
			);
			buildRules = (
			);
			dependencies = (
			);
			name = Leica;
			productName = Leica;
			productReference = F905549C26038DB500039978 /* Leica.framework */;
			productType = "com.apple.product-type.framework";
		};
		F90554A426038DB500039978 /* LeicaTests */ = {
			isa = PBXNativeTarget;
			buildConfigurationList = F90554B326038DB500039978 /* Build configuration list for PBXNativeTarget "LeicaTests" */;
			buildPhases = (
				F90554A126038DB500039978 /* Sources */,
				F90554A226038DB500039978 /* Frameworks */,
				F90554A326038DB500039978 /* Resources */,
			);
			buildRules = (
			);
			dependencies = (
				F90554A826038DB500039978 /* PBXTargetDependency */,
			);
			name = LeicaTests;
			productName = LeicaTests;
			productReference = F90554A526038DB500039978 /* LeicaTests.xctest */;
			productType = "com.apple.product-type.bundle.unit-test";
		};
		F90554C02603903E00039978 /* Example */ = {
			isa = PBXNativeTarget;
			buildConfigurationList = F90554E82603904000039978 /* Build configuration list for PBXNativeTarget "Example" */;
			buildPhases = (
				F90554BD2603903E00039978 /* Sources */,
				F90554BE2603903E00039978 /* Frameworks */,
				F90554BF2603903E00039978 /* Resources */,
				F9055555260399B400039978 /* Embed Frameworks */,
			);
			buildRules = (
			);
			dependencies = (
				F9055554260399B400039978 /* PBXTargetDependency */,
			);
			name = Example;
			productName = Example;
			productReference = F90554C12603903E00039978 /* Example.app */;
			productType = "com.apple.product-type.application";
		};
		F90554D52603904000039978 /* ExampleTests */ = {
			isa = PBXNativeTarget;
			buildConfigurationList = F90554EB2603904000039978 /* Build configuration list for PBXNativeTarget "ExampleTests" */;
			buildPhases = (
				F90554D22603904000039978 /* Sources */,
				F90554D32603904000039978 /* Frameworks */,
				F90554D42603904000039978 /* Resources */,
			);
			buildRules = (
			);
			dependencies = (
				F90554D82603904000039978 /* PBXTargetDependency */,
			);
			name = ExampleTests;
			productName = ExampleTests;
			productReference = F90554D62603904000039978 /* ExampleTests.xctest */;
			productType = "com.apple.product-type.bundle.unit-test";
		};
		F90554E02603904000039978 /* ExampleUITests */ = {
			isa = PBXNativeTarget;
			buildConfigurationList = F90554EE2603904000039978 /* Build configuration list for PBXNativeTarget "ExampleUITests" */;
			buildPhases = (
				F90554DD2603904000039978 /* Sources */,
				F90554DE2603904000039978 /* Frameworks */,
				F90554DF2603904000039978 /* Resources */,
			);
			buildRules = (
			);
			dependencies = (
				F90554E32603904000039978 /* PBXTargetDependency */,
			);
			name = ExampleUITests;
			productName = ExampleUITests;
			productReference = F90554E12603904000039978 /* ExampleUITests.xctest */;
			productType = "com.apple.product-type.bundle.ui-testing";
		};
/* End PBXNativeTarget section */

/* Begin PBXProject section */
		F905549326038DB400039978 /* Project object */ = {
			isa = PBXProject;
			attributes = {
				LastSwiftUpdateCheck = 1240;
				LastUpgradeCheck = 1240;
				TargetAttributes = {
					F905549B26038DB500039978 = {
						CreatedOnToolsVersion = 12.4;
						LastSwiftMigration = 1240;
					};
					F90554A426038DB500039978 = {
						CreatedOnToolsVersion = 12.4;
					};
					F90554C02603903E00039978 = {
						CreatedOnToolsVersion = 12.4;
					};
					F90554D52603904000039978 = {
						CreatedOnToolsVersion = 12.4;
						TestTargetID = F90554C02603903E00039978;
					};
					F90554E02603904000039978 = {
						CreatedOnToolsVersion = 12.4;
						TestTargetID = F90554C02603903E00039978;
					};
				};
			};
			buildConfigurationList = F905549626038DB400039978 /* Build configuration list for PBXProject "Leica" */;
			compatibilityVersion = "Xcode 9.3";
			developmentRegion = en;
			hasScannedForEncodings = 0;
			knownRegions = (
				en,
				Base,
			);
			mainGroup = F905549226038DB400039978;
			productRefGroup = F905549D26038DB500039978 /* Products */;
			projectDirPath = "";
			projectRoot = "";
			targets = (
				F905549B26038DB500039978 /* Leica */,
				F90554A426038DB500039978 /* LeicaTests */,
				F90554C02603903E00039978 /* Example */,
				F90554D52603904000039978 /* ExampleTests */,
				F90554E02603904000039978 /* ExampleUITests */,
			);
		};
/* End PBXProject section */

/* Begin PBXResourcesBuildPhase section */
		F905549A26038DB500039978 /* Resources */ = {
			isa = PBXResourcesBuildPhase;
			buildActionMask = 2147483647;
			files = (
			);
			runOnlyForDeploymentPostprocessing = 0;
		};
		F90554A326038DB500039978 /* Resources */ = {
			isa = PBXResourcesBuildPhase;
			buildActionMask = 2147483647;
			files = (
			);
			runOnlyForDeploymentPostprocessing = 0;
		};
		F90554BF2603903E00039978 /* Resources */ = {
			isa = PBXResourcesBuildPhase;
			buildActionMask = 2147483647;
			files = (
				F90554D02603904000039978 /* LaunchScreen.storyboard in Resources */,
				F90554CD2603904000039978 /* Assets.xcassets in Resources */,
			);
			runOnlyForDeploymentPostprocessing = 0;
		};
		F90554D42603904000039978 /* Resources */ = {
			isa = PBXResourcesBuildPhase;
			buildActionMask = 2147483647;
			files = (
			);
			runOnlyForDeploymentPostprocessing = 0;
		};
		F90554DF2603904000039978 /* Resources */ = {
			isa = PBXResourcesBuildPhase;
			buildActionMask = 2147483647;
			files = (
			);
			runOnlyForDeploymentPostprocessing = 0;
		};
/* End PBXResourcesBuildPhase section */

/* Begin PBXSourcesBuildPhase section */
		F905549826038DB500039978 /* Sources */ = {
			isa = PBXSourcesBuildPhase;
			buildActionMask = 2147483647;
			files = (
				F905554A2603966100039978 /* LeicaLabel.swift in Sources */,
				F90555632603C3A900039978 /* Extensions.swift in Sources */,
			);
			runOnlyForDeploymentPostprocessing = 0;
		};
		F90554A126038DB500039978 /* Sources */ = {
			isa = PBXSourcesBuildPhase;
			buildActionMask = 2147483647;
			files = (
				F90554AB26038DB500039978 /* LeicaTests.swift in Sources */,
			);
			runOnlyForDeploymentPostprocessing = 0;
		};
		F90554BD2603903E00039978 /* Sources */ = {
			isa = PBXSourcesBuildPhase;
			buildActionMask = 2147483647;
			files = (
				F90554C82603903E00039978 /* ViewController.swift in Sources */,
				F90554C42603903E00039978 /* AppDelegate.swift in Sources */,
			);
			runOnlyForDeploymentPostprocessing = 0;
		};
		F90554D22603904000039978 /* Sources */ = {
			isa = PBXSourcesBuildPhase;
			buildActionMask = 2147483647;
			files = (
				F90554DB2603904000039978 /* ExampleTests.swift in Sources */,
			);
			runOnlyForDeploymentPostprocessing = 0;
		};
		F90554DD2603904000039978 /* Sources */ = {
			isa = PBXSourcesBuildPhase;
			buildActionMask = 2147483647;
			files = (
				F90554E62603904000039978 /* ExampleUITests.swift in Sources */,
			);
			runOnlyForDeploymentPostprocessing = 0;
		};
/* End PBXSourcesBuildPhase section */

/* Begin PBXTargetDependency section */
		F90554A826038DB500039978 /* PBXTargetDependency */ = {
			isa = PBXTargetDependency;
			target = F905549B26038DB500039978 /* Leica */;
			targetProxy = F90554A726038DB500039978 /* PBXContainerItemProxy */;
		};
		F90554D82603904000039978 /* PBXTargetDependency */ = {
			isa = PBXTargetDependency;
			target = F90554C02603903E00039978 /* Example */;
			targetProxy = F90554D72603904000039978 /* PBXContainerItemProxy */;
		};
		F90554E32603904000039978 /* PBXTargetDependency */ = {
			isa = PBXTargetDependency;
			target = F90554C02603903E00039978 /* Example */;
			targetProxy = F90554E22603904000039978 /* PBXContainerItemProxy */;
		};
		F9055554260399B400039978 /* PBXTargetDependency */ = {
			isa = PBXTargetDependency;
			target = F905549B26038DB500039978 /* Leica */;
			targetProxy = F9055553260399B400039978 /* PBXContainerItemProxy */;
		};
/* End PBXTargetDependency section */

/* Begin PBXVariantGroup section */
		F90554CE2603904000039978 /* LaunchScreen.storyboard */ = {
			isa = PBXVariantGroup;
			children = (
				F90554CF2603904000039978 /* Base */,
			);
			name = LaunchScreen.storyboard;
			sourceTree = "<group>";
		};
/* End PBXVariantGroup section */

/* Begin XCBuildConfiguration section */
		F90554AE26038DB500039978 /* Debug */ = {
			isa = XCBuildConfiguration;
			buildSettings = {
				ALWAYS_SEARCH_USER_PATHS = NO;
				CLANG_ANALYZER_NONNULL = YES;
				CLANG_ANALYZER_NUMBER_OBJECT_CONVERSION = YES_AGGRESSIVE;
				CLANG_CXX_LANGUAGE_STANDARD = "gnu++14";
				CLANG_CXX_LIBRARY = "libc++";
				CLANG_ENABLE_MODULES = YES;
				CLANG_ENABLE_OBJC_ARC = YES;
				CLANG_ENABLE_OBJC_WEAK = YES;
				CLANG_WARN_BLOCK_CAPTURE_AUTORELEASING = YES;
				CLANG_WARN_BOOL_CONVERSION = YES;
				CLANG_WARN_COMMA = YES;
				CLANG_WARN_CONSTANT_CONVERSION = YES;
				CLANG_WARN_DEPRECATED_OBJC_IMPLEMENTATIONS = YES;
				CLANG_WARN_DIRECT_OBJC_ISA_USAGE = YES_ERROR;
				CLANG_WARN_DOCUMENTATION_COMMENTS = YES;
				CLANG_WARN_EMPTY_BODY = YES;
				CLANG_WARN_ENUM_CONVERSION = YES;
				CLANG_WARN_INFINITE_RECURSION = YES;
				CLANG_WARN_INT_CONVERSION = YES;
				CLANG_WARN_NON_LITERAL_NULL_CONVERSION = YES;
				CLANG_WARN_OBJC_IMPLICIT_RETAIN_SELF = YES;
				CLANG_WARN_OBJC_LITERAL_CONVERSION = YES;
				CLANG_WARN_OBJC_ROOT_CLASS = YES_ERROR;
				CLANG_WARN_QUOTED_INCLUDE_IN_FRAMEWORK_HEADER = YES;
				CLANG_WARN_RANGE_LOOP_ANALYSIS = YES;
				CLANG_WARN_STRICT_PROTOTYPES = YES;
				CLANG_WARN_SUSPICIOUS_MOVE = YES;
				CLANG_WARN_UNGUARDED_AVAILABILITY = YES_AGGRESSIVE;
				CLANG_WARN_UNREACHABLE_CODE = YES;
				CLANG_WARN__DUPLICATE_METHOD_MATCH = YES;
				COPY_PHASE_STRIP = NO;
				CURRENT_PROJECT_VERSION = 1;
				DEBUG_INFORMATION_FORMAT = dwarf;
				ENABLE_STRICT_OBJC_MSGSEND = YES;
				ENABLE_TESTABILITY = YES;
				GCC_C_LANGUAGE_STANDARD = gnu11;
				GCC_DYNAMIC_NO_PIC = NO;
				GCC_NO_COMMON_BLOCKS = YES;
				GCC_OPTIMIZATION_LEVEL = 0;
				GCC_PREPROCESSOR_DEFINITIONS = (
					"DEBUG=1",
					"$(inherited)",
				);
				GCC_WARN_64_TO_32_BIT_CONVERSION = YES;
				GCC_WARN_ABOUT_RETURN_TYPE = YES_ERROR;
				GCC_WARN_UNDECLARED_SELECTOR = YES;
				GCC_WARN_UNINITIALIZED_AUTOS = YES_AGGRESSIVE;
				GCC_WARN_UNUSED_FUNCTION = YES;
				GCC_WARN_UNUSED_VARIABLE = YES;
				IPHONEOS_DEPLOYMENT_TARGET = 11.0;
				MTL_ENABLE_DEBUG_INFO = INCLUDE_SOURCE;
				MTL_FAST_MATH = YES;
				ONLY_ACTIVE_ARCH = YES;
				SDKROOT = iphoneos;
				SWIFT_ACTIVE_COMPILATION_CONDITIONS = DEBUG;
				SWIFT_OPTIMIZATION_LEVEL = "-Onone";
				VERSIONING_SYSTEM = "apple-generic";
				VERSION_INFO_PREFIX = "";
			};
			name = Debug;
		};
		F90554AF26038DB500039978 /* Release */ = {
			isa = XCBuildConfiguration;
			buildSettings = {
				ALWAYS_SEARCH_USER_PATHS = NO;
				CLANG_ANALYZER_NONNULL = YES;
				CLANG_ANALYZER_NUMBER_OBJECT_CONVERSION = YES_AGGRESSIVE;
				CLANG_CXX_LANGUAGE_STANDARD = "gnu++14";
				CLANG_CXX_LIBRARY = "libc++";
				CLANG_ENABLE_MODULES = YES;
				CLANG_ENABLE_OBJC_ARC = YES;
				CLANG_ENABLE_OBJC_WEAK = YES;
				CLANG_WARN_BLOCK_CAPTURE_AUTORELEASING = YES;
				CLANG_WARN_BOOL_CONVERSION = YES;
				CLANG_WARN_COMMA = YES;
				CLANG_WARN_CONSTANT_CONVERSION = YES;
				CLANG_WARN_DEPRECATED_OBJC_IMPLEMENTATIONS = YES;
				CLANG_WARN_DIRECT_OBJC_ISA_USAGE = YES_ERROR;
				CLANG_WARN_DOCUMENTATION_COMMENTS = YES;
				CLANG_WARN_EMPTY_BODY = YES;
				CLANG_WARN_ENUM_CONVERSION = YES;
				CLANG_WARN_INFINITE_RECURSION = YES;
				CLANG_WARN_INT_CONVERSION = YES;
				CLANG_WARN_NON_LITERAL_NULL_CONVERSION = YES;
				CLANG_WARN_OBJC_IMPLICIT_RETAIN_SELF = YES;
				CLANG_WARN_OBJC_LITERAL_CONVERSION = YES;
				CLANG_WARN_OBJC_ROOT_CLASS = YES_ERROR;
				CLANG_WARN_QUOTED_INCLUDE_IN_FRAMEWORK_HEADER = YES;
				CLANG_WARN_RANGE_LOOP_ANALYSIS = YES;
				CLANG_WARN_STRICT_PROTOTYPES = YES;
				CLANG_WARN_SUSPICIOUS_MOVE = YES;
				CLANG_WARN_UNGUARDED_AVAILABILITY = YES_AGGRESSIVE;
				CLANG_WARN_UNREACHABLE_CODE = YES;
				CLANG_WARN__DUPLICATE_METHOD_MATCH = YES;
				COPY_PHASE_STRIP = NO;
				CURRENT_PROJECT_VERSION = 1;
				DEBUG_INFORMATION_FORMAT = "dwarf-with-dsym";
				ENABLE_NS_ASSERTIONS = NO;
				ENABLE_STRICT_OBJC_MSGSEND = YES;
				GCC_C_LANGUAGE_STANDARD = gnu11;
				GCC_NO_COMMON_BLOCKS = YES;
				GCC_WARN_64_TO_32_BIT_CONVERSION = YES;
				GCC_WARN_ABOUT_RETURN_TYPE = YES_ERROR;
				GCC_WARN_UNDECLARED_SELECTOR = YES;
				GCC_WARN_UNINITIALIZED_AUTOS = YES_AGGRESSIVE;
				GCC_WARN_UNUSED_FUNCTION = YES;
				GCC_WARN_UNUSED_VARIABLE = YES;
				IPHONEOS_DEPLOYMENT_TARGET = 11.0;
				MTL_ENABLE_DEBUG_INFO = NO;
				MTL_FAST_MATH = YES;
				SDKROOT = iphoneos;
				SWIFT_COMPILATION_MODE = wholemodule;
				SWIFT_OPTIMIZATION_LEVEL = "-O";
				VALIDATE_PRODUCT = YES;
				VERSIONING_SYSTEM = "apple-generic";
				VERSION_INFO_PREFIX = "";
			};
			name = Release;
		};
		F90554B126038DB500039978 /* Debug */ = {
			isa = XCBuildConfiguration;
			buildSettings = {
				CLANG_ENABLE_MODULES = YES;
				CODE_SIGN_STYLE = Automatic;
				DEFINES_MODULE = YES;
				DEVELOPMENT_TEAM = 4YL8LS5ZJC;
				DYLIB_COMPATIBILITY_VERSION = 1;
				DYLIB_CURRENT_VERSION = 1;
				DYLIB_INSTALL_NAME_BASE = "@rpath";
				INFOPLIST_FILE = Leica/Supportings/Info.plist;
				INSTALL_PATH = "$(LOCAL_LIBRARY_DIR)/Frameworks";
				IPHONEOS_DEPLOYMENT_TARGET = 11.0;
				LD_RUNPATH_SEARCH_PATHS = (
					"$(inherited)",
					"@executable_path/Frameworks",
					"@loader_path/Frameworks",
				);
				PRODUCT_BUNDLE_IDENTIFIER = com.kihyunso.Leica;
				PRODUCT_NAME = "$(TARGET_NAME:c99extidentifier)";
				SKIP_INSTALL = YES;
				SUPPORTS_MACCATALYST = NO;
				SWIFT_OPTIMIZATION_LEVEL = "-Onone";
				SWIFT_VERSION = 5.0;
				TARGETED_DEVICE_FAMILY = "1,2";
			};
			name = Debug;
		};
		F90554B226038DB500039978 /* Release */ = {
			isa = XCBuildConfiguration;
			buildSettings = {
				CLANG_ENABLE_MODULES = YES;
				CODE_SIGN_STYLE = Automatic;
				DEFINES_MODULE = YES;
				DEVELOPMENT_TEAM = 4YL8LS5ZJC;
				DYLIB_COMPATIBILITY_VERSION = 1;
				DYLIB_CURRENT_VERSION = 1;
				DYLIB_INSTALL_NAME_BASE = "@rpath";
				INFOPLIST_FILE = Leica/Supportings/Info.plist;
				INSTALL_PATH = "$(LOCAL_LIBRARY_DIR)/Frameworks";
				IPHONEOS_DEPLOYMENT_TARGET = 11.0;
				LD_RUNPATH_SEARCH_PATHS = (
					"$(inherited)",
					"@executable_path/Frameworks",
					"@loader_path/Frameworks",
				);
				PRODUCT_BUNDLE_IDENTIFIER = com.kihyunso.Leica;
				PRODUCT_NAME = "$(TARGET_NAME:c99extidentifier)";
				SKIP_INSTALL = YES;
				SUPPORTS_MACCATALYST = NO;
				SWIFT_VERSION = 5.0;
				TARGETED_DEVICE_FAMILY = "1,2";
			};
			name = Release;
		};
		F90554B426038DB500039978 /* Debug */ = {
			isa = XCBuildConfiguration;
			buildSettings = {
				ALWAYS_EMBED_SWIFT_STANDARD_LIBRARIES = YES;
				CODE_SIGN_STYLE = Automatic;
				DEVELOPMENT_TEAM = 4YL8LS5ZJC;
				INFOPLIST_FILE = LeicaTests/Info.plist;
				LD_RUNPATH_SEARCH_PATHS = (
					"$(inherited)",
					"@executable_path/Frameworks",
					"@loader_path/Frameworks",
				);
				PRODUCT_BUNDLE_IDENTIFIER = com.kihyunso.LeicaTests;
				PRODUCT_NAME = "$(TARGET_NAME)";
				SWIFT_VERSION = 5.0;
				TARGETED_DEVICE_FAMILY = "1,2";
			};
			name = Debug;
		};
		F90554B526038DB500039978 /* Release */ = {
			isa = XCBuildConfiguration;
			buildSettings = {
				ALWAYS_EMBED_SWIFT_STANDARD_LIBRARIES = YES;
				CODE_SIGN_STYLE = Automatic;
				DEVELOPMENT_TEAM = 4YL8LS5ZJC;
				INFOPLIST_FILE = LeicaTests/Info.plist;
				LD_RUNPATH_SEARCH_PATHS = (
					"$(inherited)",
					"@executable_path/Frameworks",
					"@loader_path/Frameworks",
				);
				PRODUCT_BUNDLE_IDENTIFIER = com.kihyunso.LeicaTests;
				PRODUCT_NAME = "$(TARGET_NAME)";
				SWIFT_VERSION = 5.0;
				TARGETED_DEVICE_FAMILY = "1,2";
			};
			name = Release;
		};
		F90554E92603904000039978 /* Debug */ = {
			isa = XCBuildConfiguration;
			buildSettings = {
				ASSETCATALOG_COMPILER_APPICON_NAME = AppIcon;
				ASSETCATALOG_COMPILER_GLOBAL_ACCENT_COLOR_NAME = AccentColor;
				CODE_SIGN_STYLE = Automatic;
				DEVELOPMENT_TEAM = 4YL8LS5ZJC;
				INFOPLIST_FILE = Example/Supportings/Info.plist;
				IPHONEOS_DEPLOYMENT_TARGET = 11.0;
				LD_RUNPATH_SEARCH_PATHS = (
					"$(inherited)",
					"@executable_path/Frameworks",
				);
				PRODUCT_BUNDLE_IDENTIFIER = com.kihyunso.Example;
				PRODUCT_NAME = "$(TARGET_NAME)";
				SWIFT_VERSION = 5.0;
				TARGETED_DEVICE_FAMILY = "1,2";
			};
			name = Debug;
		};
		F90554EA2603904000039978 /* Release */ = {
			isa = XCBuildConfiguration;
			buildSettings = {
				ASSETCATALOG_COMPILER_APPICON_NAME = AppIcon;
				ASSETCATALOG_COMPILER_GLOBAL_ACCENT_COLOR_NAME = AccentColor;
				CODE_SIGN_STYLE = Automatic;
				DEVELOPMENT_TEAM = 4YL8LS5ZJC;
				INFOPLIST_FILE = Example/Supportings/Info.plist;
				IPHONEOS_DEPLOYMENT_TARGET = 11.0;
				LD_RUNPATH_SEARCH_PATHS = (
					"$(inherited)",
					"@executable_path/Frameworks",
				);
				PRODUCT_BUNDLE_IDENTIFIER = com.kihyunso.Example;
				PRODUCT_NAME = "$(TARGET_NAME)";
				SWIFT_VERSION = 5.0;
				TARGETED_DEVICE_FAMILY = "1,2";
			};
			name = Release;
		};
		F90554EC2603904000039978 /* Debug */ = {
			isa = XCBuildConfiguration;
			buildSettings = {
				ALWAYS_EMBED_SWIFT_STANDARD_LIBRARIES = YES;
				BUNDLE_LOADER = "$(TEST_HOST)";
				CODE_SIGN_STYLE = Automatic;
				DEVELOPMENT_TEAM = 4YL8LS5ZJC;
				INFOPLIST_FILE = ExampleTests/Info.plist;
				IPHONEOS_DEPLOYMENT_TARGET = 14.4;
				LD_RUNPATH_SEARCH_PATHS = (
					"$(inherited)",
					"@executable_path/Frameworks",
					"@loader_path/Frameworks",
				);
				PRODUCT_BUNDLE_IDENTIFIER = com.kihyunso.ExampleTests;
				PRODUCT_NAME = "$(TARGET_NAME)";
				SWIFT_VERSION = 5.0;
				TARGETED_DEVICE_FAMILY = "1,2";
				TEST_HOST = "$(BUILT_PRODUCTS_DIR)/Example.app/Example";
			};
			name = Debug;
		};
		F90554ED2603904000039978 /* Release */ = {
			isa = XCBuildConfiguration;
			buildSettings = {
				ALWAYS_EMBED_SWIFT_STANDARD_LIBRARIES = YES;
				BUNDLE_LOADER = "$(TEST_HOST)";
				CODE_SIGN_STYLE = Automatic;
				DEVELOPMENT_TEAM = 4YL8LS5ZJC;
				INFOPLIST_FILE = ExampleTests/Info.plist;
				IPHONEOS_DEPLOYMENT_TARGET = 14.4;
				LD_RUNPATH_SEARCH_PATHS = (
					"$(inherited)",
					"@executable_path/Frameworks",
					"@loader_path/Frameworks",
				);
				PRODUCT_BUNDLE_IDENTIFIER = com.kihyunso.ExampleTests;
				PRODUCT_NAME = "$(TARGET_NAME)";
				SWIFT_VERSION = 5.0;
				TARGETED_DEVICE_FAMILY = "1,2";
				TEST_HOST = "$(BUILT_PRODUCTS_DIR)/Example.app/Example";
			};
			name = Release;
		};
		F90554EF2603904000039978 /* Debug */ = {
			isa = XCBuildConfiguration;
			buildSettings = {
				ALWAYS_EMBED_SWIFT_STANDARD_LIBRARIES = YES;
				CODE_SIGN_STYLE = Automatic;
				DEVELOPMENT_TEAM = 4YL8LS5ZJC;
				INFOPLIST_FILE = ExampleUITests/Info.plist;
				LD_RUNPATH_SEARCH_PATHS = (
					"$(inherited)",
					"@executable_path/Frameworks",
					"@loader_path/Frameworks",
				);
				PRODUCT_BUNDLE_IDENTIFIER = com.kihyunso.ExampleUITests;
				PRODUCT_NAME = "$(TARGET_NAME)";
				SWIFT_VERSION = 5.0;
				TARGETED_DEVICE_FAMILY = "1,2";
				TEST_TARGET_NAME = Example;
			};
			name = Debug;
		};
		F90554F02603904000039978 /* Release */ = {
			isa = XCBuildConfiguration;
			buildSettings = {
				ALWAYS_EMBED_SWIFT_STANDARD_LIBRARIES = YES;
				CODE_SIGN_STYLE = Automatic;
				DEVELOPMENT_TEAM = 4YL8LS5ZJC;
				INFOPLIST_FILE = ExampleUITests/Info.plist;
				LD_RUNPATH_SEARCH_PATHS = (
					"$(inherited)",
					"@executable_path/Frameworks",
					"@loader_path/Frameworks",
				);
				PRODUCT_BUNDLE_IDENTIFIER = com.kihyunso.ExampleUITests;
				PRODUCT_NAME = "$(TARGET_NAME)";
				SWIFT_VERSION = 5.0;
				TARGETED_DEVICE_FAMILY = "1,2";
				TEST_TARGET_NAME = Example;
			};
			name = Release;
		};
/* End XCBuildConfiguration section */

/* Begin XCConfigurationList section */
		F905549626038DB400039978 /* Build configuration list for PBXProject "Leica" */ = {
			isa = XCConfigurationList;
			buildConfigurations = (
				F90554AE26038DB500039978 /* Debug */,
				F90554AF26038DB500039978 /* Release */,
			);
			defaultConfigurationIsVisible = 0;
			defaultConfigurationName = Release;
		};
		F90554B026038DB500039978 /* Build configuration list for PBXNativeTarget "Leica" */ = {
			isa = XCConfigurationList;
			buildConfigurations = (
				F90554B126038DB500039978 /* Debug */,
				F90554B226038DB500039978 /* Release */,
			);
			defaultConfigurationIsVisible = 0;
			defaultConfigurationName = Release;
		};
		F90554B326038DB500039978 /* Build configuration list for PBXNativeTarget "LeicaTests" */ = {
			isa = XCConfigurationList;
			buildConfigurations = (
				F90554B426038DB500039978 /* Debug */,
				F90554B526038DB500039978 /* Release */,
			);
			defaultConfigurationIsVisible = 0;
			defaultConfigurationName = Release;
		};
		F90554E82603904000039978 /* Build configuration list for PBXNativeTarget "Example" */ = {
			isa = XCConfigurationList;
			buildConfigurations = (
				F90554E92603904000039978 /* Debug */,
				F90554EA2603904000039978 /* Release */,
			);
			defaultConfigurationIsVisible = 0;
			defaultConfigurationName = Release;
		};
		F90554EB2603904000039978 /* Build configuration list for PBXNativeTarget "ExampleTests" */ = {
			isa = XCConfigurationList;
			buildConfigurations = (
				F90554EC2603904000039978 /* Debug */,
				F90554ED2603904000039978 /* Release */,
			);
			defaultConfigurationIsVisible = 0;
			defaultConfigurationName = Release;
		};
		F90554EE2603904000039978 /* Build configuration list for PBXNativeTarget "ExampleUITests" */ = {
			isa = XCConfigurationList;
			buildConfigurations = (
				F90554EF2603904000039978 /* Debug */,
				F90554F02603904000039978 /* Release */,
			);
			defaultConfigurationIsVisible = 0;
			defaultConfigurationName = Release;
		};
/* End XCConfigurationList section */
	};
	rootObject = F905549326038DB400039978 /* Project object */;
}
